
Microsoft Visual Studio Solution File, Format Version 12.00
# Visual Studio Version 17
VisualStudioVersion = 17.8.34330.188
MinimumVisualStudioVersion = 10.0.40219.1
Project("{FAE04EC0-301F-11D3-BF4B-00C04F79EFBC}") = "BulkyWeb", "BulkyWeb\BulkyWeb.csproj", "{C136700B-60D6-44A4-AF03-231B9A777B2E}"
EndProject
Global
	GlobalSection(SolutionConfigurationPlatforms) = preSolution
		Debug|Any CPU = Debug|Any CPU
		Release|Any CPU = Release|Any CPU
	EndGlobalSection
	GlobalSection(ProjectConfigurationPlatforms) = postSolution
		{C136700B-60D6-44A4-AF03-231B9A777B2E}.Debug|Any CPU.ActiveCfg = Debug|Any CPU
		{C136700B-60D6-44A4-AF03-231B9A777B2E}.Debug|Any CPU.Build.0 = Debug|Any CPU
		{C136700B-60D6-44A4-AF03-231B9A777B2E}.Release|Any CPU.ActiveCfg = Release|Any CPU
		{C136700B-60D6-44A4-AF03-231B9A777B2E}.Release|Any CPU.Build.0 = Release|Any CPU
	EndGlobalSection
	GlobalSection(SolutionProperties) = preSolution
		HideSolutionNode = FALSE
	EndGlobalSection
	GlobalSection(ExtensibilityGlobals) = postSolution
		SolutionGuid = {4C162859-0010-4968-9DBB-692141D062C2}
	EndGlobalSection
EndGlobal
